
Microsoft Visual Studio Solution File, Format Version 12.00
# Visual Studio 15
VisualStudioVersion = 15.0.28307.705
MinimumVisualStudioVersion = 10.0.40219.1
Project("{888888A0-9F3D-457C-B088-3A5042F75D52}") = "IoT_Monitor", "IoT_Monitor.pyproj", "{75A51C14-BC67-4567-9618-CC58933DC397}"
EndProject
Global
	GlobalSection(SolutionConfigurationPlatforms) = preSolution
		Debug|Any CPU = Debug|Any CPU
		Release|Any CPU = Release|Any CPU
	EndGlobalSection
	GlobalSection(ProjectConfigurationPlatforms) = postSolution
		{75A51C14-BC67-4567-9618-CC58933DC397}.Debug|Any CPU.ActiveCfg = Debug|Any CPU
		{75A51C14-BC67-4567-9618-CC58933DC397}.Release|Any CPU.ActiveCfg = Release|Any CPU
	EndGlobalSection
	GlobalSection(SolutionProperties) = preSolution
		HideSolutionNode = FALSE
	EndGlobalSection
	GlobalSection(ExtensibilityGlobals) = postSolution
		SolutionGuid = {F948E70F-3BEB-41B9-9B70-F8A33456F954}
	EndGlobalSection
EndGlobal
